// !$*UTF8*$!
{
	archiveVersion = 1;
	classes = {
	};
	objectVersion = 50;
	objects = {

/* Begin PBXBuildFile section */
		350DDC70279337C2009E6B52 /* UIButtonExtension.swift in Sources */ = {isa = PBXBuildFile; fileRef = 350DDC6F279337C2009E6B52 /* UIButtonExtension.swift */; };
		353D1D85279070670014379F /* AppDelegate.swift in Sources */ = {isa = PBXBuildFile; fileRef = 353D1D84279070670014379F /* AppDelegate.swift */; };
		353D1D8E279070690014379F /* Assets.xcassets in Resources */ = {isa = PBXBuildFile; fileRef = 353D1D8D279070690014379F /* Assets.xcassets */; };
		353D1D91279070690014379F /* LaunchScreen.storyboard in Resources */ = {isa = PBXBuildFile; fileRef = 353D1D8F279070690014379F /* LaunchScreen.storyboard */; };
		353D1DC327907DB00014379F /* HomeViewController.swift in Sources */ = {isa = PBXBuildFile; fileRef = 353D1DC127907DB00014379F /* HomeViewController.swift */; };
		353D1DC427907DB00014379F /* HomeViewController.xib in Resources */ = {isa = PBXBuildFile; fileRef = 353D1DC227907DB00014379F /* HomeViewController.xib */; };
/* End PBXBuildFile section */

/* Begin PBXFileReference section */
		350DDC6F279337C2009E6B52 /* UIButtonExtension.swift */ = {isa = PBXFileReference; lastKnownFileType = sourcecode.swift; path = UIButtonExtension.swift; sourceTree = "<group>"; };
		353D1D81279070670014379F /* calculadoraApp.app */ = {isa = PBXFileReference; explicitFileType = wrapper.application; includeInIndex = 0; path = calculadoraApp.app; sourceTree = BUILT_PRODUCTS_DIR; };
		353D1D84279070670014379F /* AppDelegate.swift */ = {isa = PBXFileReference; lastKnownFileType = sourcecode.swift; path = AppDelegate.swift; sourceTree = "<group>"; };
		353D1D8D279070690014379F /* Assets.xcassets */ = {isa = PBXFileReference; lastKnownFileType = folder.assetcatalog; path = Assets.xcassets; sourceTree = "<group>"; };
		353D1D90279070690014379F /* Base */ = {isa = PBXFileReference; lastKnownFileType = file.storyboard; name = Base; path = Base.lproj/LaunchScreen.storyboard; sourceTree = "<group>"; };
		353D1D92279070690014379F /* Info.plist */ = {isa = PBXFileReference; lastKnownFileType = text.plist.xml; path = Info.plist; sourceTree = "<group>"; };
		353D1DC127907DB00014379F /* HomeViewController.swift */ = {isa = PBXFileReference; lastKnownFileType = sourcecode.swift; path = HomeViewController.swift; sourceTree = "<group>"; };
		353D1DC227907DB00014379F /* HomeViewController.xib */ = {isa = PBXFileReference; lastKnownFileType = file.xib; path = HomeViewController.xib; sourceTree = "<group>"; };
/* End PBXFileReference section */

/* Begin PBXFrameworksBuildPhase section */
		353D1D7E279070670014379F /* Frameworks */ = {
			isa = PBXFrameworksBuildPhase;
			buildActionMask = 2147483647;
			files = (
			);
			runOnlyForDeploymentPostprocessing = 0;
		};
/* End PBXFrameworksBuildPhase section */

/* Begin PBXGroup section */
		353D1D78279070670014379F = {
			isa = PBXGroup;
			children = (
				353D1D83279070670014379F /* calculadoraApp */,
				353D1D82279070670014379F /* Products */,
			);
			sourceTree = "<group>";
		};
		353D1D82279070670014379F /* Products */ = {
			isa = PBXGroup;
			children = (
				353D1D81279070670014379F /* calculadoraApp.app */,
			);
			name = Products;
			sourceTree = "<group>";
		};
		353D1D83279070670014379F /* calculadoraApp */ = {
			isa = PBXGroup;
			children = (
				353D1D84279070670014379F /* AppDelegate.swift */,
				353D1DA02790740D0014379F /* Supporting Files */,
				353D1D9F279074010014379F /* Util */,
				353D1D9E279073F60014379F /* View */,
				353D1D9D279073E50014379F /* Controller */,
				353D1D9C279073D90014379F /* Model */,
				353D1D8D279070690014379F /* Assets.xcassets */,
			);
			path = calculadoraApp;
			sourceTree = "<group>";
		};
		353D1D9C279073D90014379F /* Model */ = {
			isa = PBXGroup;
			children = (
			);
			path = Model;
			sourceTree = "<group>";
		};
		353D1D9D279073E50014379F /* Controller */ = {
			isa = PBXGroup;
			children = (
				353D1DA6279075C50014379F /* Home */,
			);
			path = Controller;
			sourceTree = "<group>";
		};
		353D1D9E279073F60014379F /* View */ = {
			isa = PBXGroup;
			children = (
				353D1DA5279075B30014379F /* Home */,
				353D1DA1279074490014379F /* Launch */,
			);
			path = View;
			sourceTree = "<group>";
		};
		353D1D9F279074010014379F /* Util */ = {
			isa = PBXGroup;
			children = (
				350DDC6F279337C2009E6B52 /* UIButtonExtension.swift */,
			);
			path = Util;
			sourceTree = "<group>";
		};
		353D1DA02790740D0014379F /* Supporting Files */ = {
			isa = PBXGroup;
			children = (
				353D1D92279070690014379F /* Info.plist */,
			);
			path = "Supporting Files";
			sourceTree = "<group>";
		};
		353D1DA1279074490014379F /* Launch */ = {
			isa = PBXGroup;
			children = (
				353D1D8F279070690014379F /* LaunchScreen.storyboard */,
			);
			path = Launch;
			sourceTree = "<group>";
		};
		353D1DA5279075B30014379F /* Home */ = {
			isa = PBXGroup;
			children = (
				353D1DC227907DB00014379F /* HomeViewController.xib */,
			);
			path = Home;
			sourceTree = "<group>";
		};
		353D1DA6279075C50014379F /* Home */ = {
			isa = PBXGroup;
			children = (
				353D1DC127907DB00014379F /* HomeViewController.swift */,
			);
			path = Home;
			sourceTree = "<group>";
		};
/* End PBXGroup section */

/* Begin PBXNativeTarget section */
		353D1D80279070670014379F /* calculadoraApp */ = {
			isa = PBXNativeTarget;
			buildConfigurationList = 353D1D95279070690014379F /* Build configuration list for PBXNativeTarget "calculadoraApp" */;
			buildPhases = (
				353D1D7D279070670014379F /* Sources */,
				353D1D7E279070670014379F /* Frameworks */,
				353D1D7F279070670014379F /* Resources */,
			);
			buildRules = (
			);
			dependencies = (
			);
			name = calculadoraApp;
			productName = calculadoraApp;
			productReference = 353D1D81279070670014379F /* calculadoraApp.app */;
			productType = "com.apple.product-type.application";
		};
/* End PBXNativeTarget section */

/* Begin PBXProject section */
		353D1D79279070670014379F /* Project object */ = {
			isa = PBXProject;
			attributes = {
				LastSwiftUpdateCheck = 1210;
				LastUpgradeCheck = 1210;
				TargetAttributes = {
					353D1D80279070670014379F = {
						CreatedOnToolsVersion = 12.1;
					};
				};
			};
			buildConfigurationList = 353D1D7C279070670014379F /* Build configuration list for PBXProject "calculadoraApp" */;
			compatibilityVersion = "Xcode 9.3";
			developmentRegion = en;
			hasScannedForEncodings = 0;
			knownRegions = (
				en,
				Base,
			);
			mainGroup = 353D1D78279070670014379F;
			productRefGroup = 353D1D82279070670014379F /* Products */;
			projectDirPath = "";
			projectRoot = "";
			targets = (
				353D1D80279070670014379F /* calculadoraApp */,
			);
		};
/* End PBXProject section */

/* Begin PBXResourcesBuildPhase section */
		353D1D7F279070670014379F /* Resources */ = {
			isa = PBXResourcesBuildPhase;
			buildActionMask = 2147483647;
			files = (
				353D1D91279070690014379F /* LaunchScreen.storyboard in Resources */,
				353D1D8E279070690014379F /* Assets.xcassets in Resources */,
				353D1DC427907DB00014379F /* HomeViewController.xib in Resources */,
			);
			runOnlyForDeploymentPostprocessing = 0;
		};
/* End PBXResourcesBuildPhase section */

/* Begin PBXSourcesBuildPhase section */
		353D1D7D279070670014379F /* Sources */ = {
			isa = PBXSourcesBuildPhase;
			buildActionMask = 2147483647;
			files = (
				353D1D85279070670014379F /* AppDelegate.swift in Sources */,
				353D1DC327907DB00014379F /* HomeViewController.swift in Sources */,
				350DDC70279337C2009E6B52 /* UIButtonExtension.swift in Sources */,
			);
			runOnlyForDeploymentPostprocessing = 0;
		};
/* End PBXSourcesBuildPhase section */

/* Begin PBXVariantGroup section */
		353D1D8F279070690014379F /* LaunchScreen.storyboard */ = {
			isa = PBXVariantGroup;
			children = (
				353D1D90279070690014379F /* Base */,
			);
			name = LaunchScreen.storyboard;
			sourceTree = "<group>";
		};
/* End PBXVariantGroup section */

/* Begin XCBuildConfiguration section */
		353D1D93279070690014379F /* Debug */ = {
			isa = XCBuildConfiguration;
			buildSettings = {
				ALWAYS_SEARCH_USER_PATHS = NO;
				CLANG_ANALYZER_NONNULL = YES;
				CLANG_ANALYZER_NUMBER_OBJECT_CONVERSION = YES_AGGRESSIVE;
				CLANG_CXX_LANGUAGE_STANDARD = "gnu++14";
				CLANG_CXX_LIBRARY = "libc++";
				CLANG_ENABLE_MODULES = YES;
				CLANG_ENABLE_OBJC_ARC = YES;
				CLANG_ENABLE_OBJC_WEAK = YES;
				CLANG_WARN_BLOCK_CAPTURE_AUTORELEASING = YES;
				CLANG_WARN_BOOL_CONVERSION = YES;
				CLANG_WARN_COMMA = YES;
				CLANG_WARN_CONSTANT_CONVERSION = YES;
				CLANG_WARN_DEPRECATED_OBJC_IMPLEMENTATIONS = YES;
				CLANG_WARN_DIRECT_OBJC_ISA_USAGE = YES_ERROR;
				CLANG_WARN_DOCUMENTATION_COMMENTS = YES;
				CLANG_WARN_EMPTY_BODY = YES;
				CLANG_WARN_ENUM_CONVERSION = YES;
				CLANG_WARN_INFINITE_RECURSION = YES;
				CLANG_WARN_INT_CONVERSION = YES;
				CLANG_WARN_NON_LITERAL_NULL_CONVERSION = YES;
				CLANG_WARN_OBJC_IMPLICIT_RETAIN_SELF = YES;
				CLANG_WARN_OBJC_LITERAL_CONVERSION = YES;
				CLANG_WARN_OBJC_ROOT_CLASS = YES_ERROR;
				CLANG_WARN_QUOTED_INCLUDE_IN_FRAMEWORK_HEADER = YES;
				CLANG_WARN_RANGE_LOOP_ANALYSIS = YES;
				CLANG_WARN_STRICT_PROTOTYPES = YES;
				CLANG_WARN_SUSPICIOUS_MOVE = YES;
				CLANG_WARN_UNGUARDED_AVAILABILITY = YES_AGGRESSIVE;
				CLANG_WARN_UNREACHABLE_CODE = YES;
				CLANG_WARN__DUPLICATE_METHOD_MATCH = YES;
				COPY_PHASE_STRIP = NO;
				DEBUG_INFORMATION_FORMAT = dwarf;
				ENABLE_STRICT_OBJC_MSGSEND = YES;
				ENABLE_TESTABILITY = YES;
				GCC_C_LANGUAGE_STANDARD = gnu11;
				GCC_DYNAMIC_NO_PIC = NO;
				GCC_NO_COMMON_BLOCKS = YES;
				GCC_OPTIMIZATION_LEVEL = 0;
				GCC_PREPROCESSOR_DEFINITIONS = (
					"DEBUG=1",
					"$(inherited)",
				);
				GCC_WARN_64_TO_32_BIT_CONVERSION = YES;
				GCC_WARN_ABOUT_RETURN_TYPE = YES_ERROR;
				GCC_WARN_UNDECLARED_SELECTOR = YES;
				GCC_WARN_UNINITIALIZED_AUTOS = YES_AGGRESSIVE;
				GCC_WARN_UNUSED_FUNCTION = YES;
				GCC_WARN_UNUSED_VARIABLE = YES;
				IPHONEOS_DEPLOYMENT_TARGET = 14.1;
				MTL_ENABLE_DEBUG_INFO = INCLUDE_SOURCE;
				MTL_FAST_MATH = YES;
				ONLY_ACTIVE_ARCH = YES;
				SDKROOT = iphoneos;
				SWIFT_ACTIVE_COMPILATION_CONDITIONS = DEBUG;
				SWIFT_OPTIMIZATION_LEVEL = "-Onone";
			};
			name = Debug;
		};
		353D1D94279070690014379F /* Release */ = {
			isa = XCBuildConfiguration;
			buildSettings = {
				ALWAYS_SEARCH_USER_PATHS = NO;
				CLANG_ANALYZER_NONNULL = YES;
				CLANG_ANALYZER_NUMBER_OBJECT_CONVERSION = YES_AGGRESSIVE;
				CLANG_CXX_LANGUAGE_STANDARD = "gnu++14";
				CLANG_CXX_LIBRARY = "libc++";
				CLANG_ENABLE_MODULES = YES;
				CLANG_ENABLE_OBJC_ARC = YES;
				CLANG_ENABLE_OBJC_WEAK = YES;
				CLANG_WARN_BLOCK_CAPTURE_AUTORELEASING = YES;
				CLANG_WARN_BOOL_CONVERSION = YES;
				CLANG_WARN_COMMA = YES;
				CLANG_WARN_CONSTANT_CONVERSION = YES;
				CLANG_WARN_DEPRECATED_OBJC_IMPLEMENTATIONS = YES;
				CLANG_WARN_DIRECT_OBJC_ISA_USAGE = YES_ERROR;
				CLANG_WARN_DOCUMENTATION_COMMENTS = YES;
				CLANG_WARN_EMPTY_BODY = YES;
				CLANG_WARN_ENUM_CONVERSION = YES;
				CLANG_WARN_INFINITE_RECURSION = YES;
				CLANG_WARN_INT_CONVERSION = YES;
				CLANG_WARN_NON_LITERAL_NULL_CONVERSION = YES;
				CLANG_WARN_OBJC_IMPLICIT_RETAIN_SELF = YES;
				CLANG_WARN_OBJC_LITERAL_CONVERSION = YES;
				CLANG_WARN_OBJC_ROOT_CLASS = YES_ERROR;
				CLANG_WARN_QUOTED_INCLUDE_IN_FRAMEWORK_HEADER = YES;
				CLANG_WARN_RANGE_LOOP_ANALYSIS = YES;
				CLANG_WARN_STRICT_PROTOTYPES = YES;
				CLANG_WARN_SUSPICIOUS_MOVE = YES;
				CLANG_WARN_UNGUARDED_AVAILABILITY = YES_AGGRESSIVE;
				CLANG_WARN_UNREACHABLE_CODE = YES;
				CLANG_WARN__DUPLICATE_METHOD_MATCH = YES;
				COPY_PHASE_STRIP = NO;
				DEBUG_INFORMATION_FORMAT = "dwarf-with-dsym";
				ENABLE_NS_ASSERTIONS = NO;
				ENABLE_STRICT_OBJC_MSGSEND = YES;
				GCC_C_LANGUAGE_STANDARD = gnu11;
				GCC_NO_COMMON_BLOCKS = YES;
				GCC_WARN_64_TO_32_BIT_CONVERSION = YES;
				GCC_WARN_ABOUT_RETURN_TYPE = YES_ERROR;
				GCC_WARN_UNDECLARED_SELECTOR = YES;
				GCC_WARN_UNINITIALIZED_AUTOS = YES_AGGRESSIVE;
				GCC_WARN_UNUSED_FUNCTION = YES;
				GCC_WARN_UNUSED_VARIABLE = YES;
				IPHONEOS_DEPLOYMENT_TARGET = 14.1;
				MTL_ENABLE_DEBUG_INFO = NO;
				MTL_FAST_MATH = YES;
				SDKROOT = iphoneos;
				SWIFT_COMPILATION_MODE = wholemodule;
				SWIFT_OPTIMIZATION_LEVEL = "-O";
				VALIDATE_PRODUCT = YES;
			};
			name = Release;
		};
		353D1D96279070690014379F /* Debug */ = {
			isa = XCBuildConfiguration;
			buildSettings = {
				ASSETCATALOG_COMPILER_APPICON_NAME = AppIcon;
				ASSETCATALOG_COMPILER_GLOBAL_ACCENT_COLOR_NAME = AccentColor;
				CODE_SIGN_STYLE = Automatic;
				INFOPLIST_FILE = "calculadoraApp/Supporting Files/Info.plist";
				LD_RUNPATH_SEARCH_PATHS = (
					"$(inherited)",
					"@executable_path/Frameworks",
				);
				PRODUCT_BUNDLE_IDENTIFIER = diego.guinea.calculadoraApp;
				PRODUCT_NAME = "$(TARGET_NAME)";
				SWIFT_VERSION = 5.0;
				TARGETED_DEVICE_FAMILY = "1,2";
			};
			name = Debug;
		};
		353D1D97279070690014379F /* Release */ = {
			isa = XCBuildConfiguration;
			buildSettings = {
				ASSETCATALOG_COMPILER_APPICON_NAME = AppIcon;
				ASSETCATALOG_COMPILER_GLOBAL_ACCENT_COLOR_NAME = AccentColor;
				CODE_SIGN_STYLE = Automatic;
				INFOPLIST_FILE = "calculadoraApp/Supporting Files/Info.plist";
				LD_RUNPATH_SEARCH_PATHS = (
					"$(inherited)",
					"@executable_path/Frameworks",
				);
				PRODUCT_BUNDLE_IDENTIFIER = diego.guinea.calculadoraApp;
				PRODUCT_NAME = "$(TARGET_NAME)";
				SWIFT_VERSION = 5.0;
				TARGETED_DEVICE_FAMILY = "1,2";
			};
			name = Release;
		};
/* End XCBuildConfiguration section */

/* Begin XCConfigurationList section */
		353D1D7C279070670014379F /* Build configuration list for PBXProject "calculadoraApp" */ = {
			isa = XCConfigurationList;
			buildConfigurations = (
				353D1D93279070690014379F /* Debug */,
				353D1D94279070690014379F /* Release */,
			);
			defaultConfigurationIsVisible = 0;
			defaultConfigurationName = Release;
		};
		353D1D95279070690014379F /* Build configuration list for PBXNativeTarget "calculadoraApp" */ = {
			isa = XCConfigurationList;
			buildConfigurations = (
				353D1D96279070690014379F /* Debug */,
				353D1D97279070690014379F /* Release */,
			);
			defaultConfigurationIsVisible = 0;
			defaultConfigurationName = Release;
		};
/* End XCConfigurationList section */
	};
	rootObject = 353D1D79279070670014379F /* Project object */;
}
